
Microsoft Visual Studio Solution File, Format Version 12.00
# Visual Studio 15
VisualStudioVersion = 15.0.28010.2041
MinimumVisualStudioVersion = 10.0.40219.1
Project("{FAE04EC0-301F-11D3-BF4B-00C04F79EFBC}") = "WebApplication1", "WebApplication1\WebApplication1.csproj", "{62FF9382-4C9E-4023-8CFB-C0E682328891}"
EndProject
Global
	GlobalSection(SolutionConfigurationPlatforms) = preSolution
		Debug|Any CPU = Debug|Any CPU
		Release|Any CPU = Release|Any CPU
	EndGlobalSection
	GlobalSection(ProjectConfigurationPlatforms) = postSolution
		{62FF9382-4C9E-4023-8CFB-C0E682328891}.Debug|Any CPU.ActiveCfg = Debug|Any CPU
		{62FF9382-4C9E-4023-8CFB-C0E682328891}.Debug|Any CPU.Build.0 = Debug|Any CPU
		{62FF9382-4C9E-4023-8CFB-C0E682328891}.Release|Any CPU.ActiveCfg = Release|Any CPU
		{62FF9382-4C9E-4023-8CFB-C0E682328891}.Release|Any CPU.Build.0 = Release|Any CPU
	EndGlobalSection
	GlobalSection(SolutionProperties) = preSolution
		HideSolutionNode = FALSE
	EndGlobalSection
	GlobalSection(ExtensibilityGlobals) = postSolution
		SolutionGuid = {D1F724D1-D853-4A92-B0D4-C35A664A9881}
	EndGlobalSection
EndGlobal
